
Microsoft Visual Studio Solution File, Format Version 12.00
# Visual Studio Version 17
VisualStudioVersion = 17.8.34525.116
MinimumVisualStudioVersion = 10.0.40219.1
Project("{2150E333-8FDC-42A3-9474-1A3956D46DE8}") = "Solution Items", "Solution Items", "{76D7102A-C7DA-4898-B14D-BDBFD7086F77}"
	ProjectSection(SolutionItems) = preProject
		1071_GreatestCommonDivisorOfStrings.cs = 1071_GreatestCommonDivisorOfStrings.cs
		1431_KidsWithTheGreatestNumberOfCandies.cs = 1431_KidsWithTheGreatestNumberOfCandies.cs
		151_ReverseWordsInAString.cs = 151_ReverseWordsInAString.cs
		1768_MergeStringsAlternately.cs = 1768_MergeStringsAlternately.cs
		238_ProductOfArrayExceptSelf.cs = 238_ProductOfArrayExceptSelf.cs
		283_MoveZeroes.cs = 283_MoveZeroes.cs
		334_IncreasingTripletSubsequence.cs = 334_IncreasingTripletSubsequence.cs
		345_ReverseVowelsOfAString.cs = 345_ReverseVowelsOfAString.cs
		443_StringCompression.cs = 443_StringCompression.cs
		605_CanPlaceFlowers.cs = 605_CanPlaceFlowers.cs
	EndProjectSection
EndProject
Global
	GlobalSection(SolutionProperties) = preSolution
		HideSolutionNode = FALSE
	EndGlobalSection
	GlobalSection(ExtensibilityGlobals) = postSolution
		SolutionGuid = {3E99F2D2-E3B7-4179-83AC-D88E495DA6E5}
	EndGlobalSection
EndGlobal
